
Microsoft Visual Studio Solution File, Format Version 12.00
# Visual Studio Version 17
VisualStudioVersion = 17.5.33414.496
MinimumVisualStudioVersion = 10.0.40219.1
Project("{FAE04EC0-301F-11D3-BF4B-00C04F79EFBC}") = "C05EX_TextManager", "C05EX_TextManager\C05EX_TextManager.csproj", "{641265D6-91B0-49DC-A044-BA231AFBE045}"
EndProject
Project("{FAE04EC0-301F-11D3-BF4B-00C04F79EFBC}") = "C06TaskWeather", "C06TaskWeather\C06TaskWeather.csproj", "{EF15D22C-B9BD-4FD3-A005-AE3425B7CE5C}"
EndProject
Project("{FAE04EC0-301F-11D3-BF4B-00C04F79EFBC}") = "C07Enumerators", "C07Enumerators\C07Enumerators.csproj", "{66CE1C98-8411-4804-AC0A-D25D7612BF07}"
EndProject
Project("{FAE04EC0-301F-11D3-BF4B-00C04F79EFBC}") = "C08PropertiesAndFields", "C08PropertiesAndFields\C08PropertiesAndFields.csproj", "{E24B48EE-CA8A-4D98-9355-88026318A2D9}"
EndProject
Project("{FAE04EC0-301F-11D3-BF4B-00C04F79EFBC}") = "C10Constructors", "C10Constructors\C10Constructors.csproj", "{0B5B0FD9-C044-4E78-A506-8D08A4E5CB95}"
EndProject
Global
	GlobalSection(SolutionConfigurationPlatforms) = preSolution
		Debug|Any CPU = Debug|Any CPU
		Release|Any CPU = Release|Any CPU
	EndGlobalSection
	GlobalSection(ProjectConfigurationPlatforms) = postSolution
		{641265D6-91B0-49DC-A044-BA231AFBE045}.Debug|Any CPU.ActiveCfg = Debug|Any CPU
		{641265D6-91B0-49DC-A044-BA231AFBE045}.Debug|Any CPU.Build.0 = Debug|Any CPU
		{641265D6-91B0-49DC-A044-BA231AFBE045}.Release|Any CPU.ActiveCfg = Release|Any CPU
		{641265D6-91B0-49DC-A044-BA231AFBE045}.Release|Any CPU.Build.0 = Release|Any CPU
		{EF15D22C-B9BD-4FD3-A005-AE3425B7CE5C}.Debug|Any CPU.ActiveCfg = Debug|Any CPU
		{EF15D22C-B9BD-4FD3-A005-AE3425B7CE5C}.Debug|Any CPU.Build.0 = Debug|Any CPU
		{EF15D22C-B9BD-4FD3-A005-AE3425B7CE5C}.Release|Any CPU.ActiveCfg = Release|Any CPU
		{EF15D22C-B9BD-4FD3-A005-AE3425B7CE5C}.Release|Any CPU.Build.0 = Release|Any CPU
		{66CE1C98-8411-4804-AC0A-D25D7612BF07}.Debug|Any CPU.ActiveCfg = Debug|Any CPU
		{66CE1C98-8411-4804-AC0A-D25D7612BF07}.Debug|Any CPU.Build.0 = Debug|Any CPU
		{66CE1C98-8411-4804-AC0A-D25D7612BF07}.Release|Any CPU.ActiveCfg = Release|Any CPU
		{66CE1C98-8411-4804-AC0A-D25D7612BF07}.Release|Any CPU.Build.0 = Release|Any CPU
		{E24B48EE-CA8A-4D98-9355-88026318A2D9}.Debug|Any CPU.ActiveCfg = Debug|Any CPU
		{E24B48EE-CA8A-4D98-9355-88026318A2D9}.Debug|Any CPU.Build.0 = Debug|Any CPU
		{E24B48EE-CA8A-4D98-9355-88026318A2D9}.Release|Any CPU.ActiveCfg = Release|Any CPU
		{E24B48EE-CA8A-4D98-9355-88026318A2D9}.Release|Any CPU.Build.0 = Release|Any CPU
		{0B5B0FD9-C044-4E78-A506-8D08A4E5CB95}.Debug|Any CPU.ActiveCfg = Debug|Any CPU
		{0B5B0FD9-C044-4E78-A506-8D08A4E5CB95}.Debug|Any CPU.Build.0 = Debug|Any CPU
		{0B5B0FD9-C044-4E78-A506-8D08A4E5CB95}.Release|Any CPU.ActiveCfg = Release|Any CPU
		{0B5B0FD9-C044-4E78-A506-8D08A4E5CB95}.Release|Any CPU.Build.0 = Release|Any CPU
	EndGlobalSection
	GlobalSection(SolutionProperties) = preSolution
		HideSolutionNode = FALSE
	EndGlobalSection
	GlobalSection(ExtensibilityGlobals) = postSolution
		SolutionGuid = {0EC35A49-F7E5-4F94-A68C-573DED1B7E41}
	EndGlobalSection
EndGlobal
